
Microsoft Visual Studio Solution File, Format Version 12.00
# Visual Studio Version 16
VisualStudioVersion = 16.0.32630.194
MinimumVisualStudioVersion = 10.0.40219.1
Project("{FAE04EC0-301F-11D3-BF4B-00C04F79EFBC}") = "BouquetStoreFormsApp_2", "BouquetStoreFormsApp_2.csproj", "{5CD43A25-BA59-4410-8C9A-3997A626D5F2}"
EndProject
Global
	GlobalSection(SolutionConfigurationPlatforms) = preSolution
		Debug|Any CPU = Debug|Any CPU
		Release|Any CPU = Release|Any CPU
	EndGlobalSection
	GlobalSection(ProjectConfigurationPlatforms) = postSolution
		{5CD43A25-BA59-4410-8C9A-3997A626D5F2}.Debug|Any CPU.ActiveCfg = Debug|Any CPU
		{5CD43A25-BA59-4410-8C9A-3997A626D5F2}.Debug|Any CPU.Build.0 = Debug|Any CPU
		{5CD43A25-BA59-4410-8C9A-3997A626D5F2}.Release|Any CPU.ActiveCfg = Release|Any CPU
		{5CD43A25-BA59-4410-8C9A-3997A626D5F2}.Release|Any CPU.Build.0 = Release|Any CPU
	EndGlobalSection
	GlobalSection(SolutionProperties) = preSolution
		HideSolutionNode = FALSE
	EndGlobalSection
	GlobalSection(ExtensibilityGlobals) = postSolution
		SolutionGuid = {8C6B3CA2-5E75-43B8-AA60-698F0F51B5AA}
	EndGlobalSection
EndGlobal
